
Microsoft Visual Studio Solution File, Format Version 12.00
# Visual Studio Version 17
VisualStudioVersion = 17.8.34408.163
MinimumVisualStudioVersion = 10.0.40219.1
Project("{FAE04EC0-301F-11D3-BF4B-00C04F79EFBC}") = "Level_16_SimulasTest", "Level_16_SimulasTest\Level_16_SimulasTest.csproj", "{6E72E918-13CC-4B74-8BCB-4FA4ECDDBE78}"
EndProject
Project("{9A19103F-16F7-4668-BE54-9A1E7A4F7556}") = "CLIGameEngine", "..\..\CLIGameEngine\CLIGameEngine\CLIGameEngine\CLIGameEngine.csproj", "{35A579AC-4311-49A1-80ED-FD277DE4EC7E}"
EndProject
Global
	GlobalSection(SolutionConfigurationPlatforms) = preSolution
		Debug|Any CPU = Debug|Any CPU
		Release|Any CPU = Release|Any CPU
	EndGlobalSection
	GlobalSection(ProjectConfigurationPlatforms) = postSolution
		{6E72E918-13CC-4B74-8BCB-4FA4ECDDBE78}.Debug|Any CPU.ActiveCfg = Debug|Any CPU
		{6E72E918-13CC-4B74-8BCB-4FA4ECDDBE78}.Debug|Any CPU.Build.0 = Debug|Any CPU
		{6E72E918-13CC-4B74-8BCB-4FA4ECDDBE78}.Release|Any CPU.ActiveCfg = Release|Any CPU
		{6E72E918-13CC-4B74-8BCB-4FA4ECDDBE78}.Release|Any CPU.Build.0 = Release|Any CPU
		{35A579AC-4311-49A1-80ED-FD277DE4EC7E}.Debug|Any CPU.ActiveCfg = Debug|Any CPU
		{35A579AC-4311-49A1-80ED-FD277DE4EC7E}.Debug|Any CPU.Build.0 = Debug|Any CPU
		{35A579AC-4311-49A1-80ED-FD277DE4EC7E}.Release|Any CPU.ActiveCfg = Release|Any CPU
		{35A579AC-4311-49A1-80ED-FD277DE4EC7E}.Release|Any CPU.Build.0 = Release|Any CPU
	EndGlobalSection
	GlobalSection(SolutionProperties) = preSolution
		HideSolutionNode = FALSE
	EndGlobalSection
	GlobalSection(ExtensibilityGlobals) = postSolution
		SolutionGuid = {7564B5E1-C914-4FD8-8F0F-66054061A21A}
	EndGlobalSection
EndGlobal
